// !$*UTF8*$!
{
	archiveVersion = 1;
	classes = {
	};
	objectVersion = 77;
	objects = {

/* Begin PBXBuildFile section */
		4B54AD252E15801C00CDF477 /* Utilites.swift in Sources */ = {isa = PBXBuildFile; fileRef = 4B54AD242E15801C00CDF477 /* Utilites.swift */; };
		4B54AD272E1584BE00CDF477 /* ProgressBarView.swift in Sources */ = {isa = PBXBuildFile; fileRef = 4B54AD262E1584BE00CDF477 /* ProgressBarView.swift */; };
		4B8AF2CD2E0EEC9700E83492 /* IoddaApp.swift in Sources */ = {isa = PBXBuildFile; fileRef = 4B8AF2CA2E0EEC9700E83492 /* IoddaApp.swift */; };
		4B8AF2CE2E0EEC9700E83492 /* Assets.xcassets in Resources */ = {isa = PBXBuildFile; fileRef = 4B8AF2C82E0EEC9700E83492 /* Assets.xcassets */; };
		4B8AF2D02E0EED9400E83492 /* MainTabView.swift in Sources */ = {isa = PBXBuildFile; fileRef = 4B8AF2CF2E0EED9400E83492 /* MainTabView.swift */; };
		4B8AF2D22E0EEFA500E83492 /* BudgetsListView.swift in Sources */ = {isa = PBXBuildFile; fileRef = 4B8AF2D12E0EEFA500E83492 /* BudgetsListView.swift */; };
		4B8AF2D42E0EEFE300E83492 /* Localizable.xcstrings in Resources */ = {isa = PBXBuildFile; fileRef = 4B8AF2D32E0EEFE300E83492 /* Localizable.xcstrings */; };
		4B8AF2D62E0EF2E700E83492 /* StaticWaveBackground.swift in Sources */ = {isa = PBXBuildFile; fileRef = 4B8AF2D52E0EF2E700E83492 /* StaticWaveBackground.swift */; };
		4B8AF2D82E0EF68900E83492 /* SettingsView.swift in Sources */ = {isa = PBXBuildFile; fileRef = 4B8AF2D72E0EF68900E83492 /* SettingsView.swift */; };
		4B8AF2DA2E0EF6AB00E83492 /* PdfListView.swift in Sources */ = {isa = PBXBuildFile; fileRef = 4B8AF2D92E0EF6AB00E83492 /* PdfListView.swift */; };
		4B8AF2E22E0EF84700E83492 /* BudgetCellView.swift in Sources */ = {isa = PBXBuildFile; fileRef = 4B8AF2E12E0EF84700E83492 /* BudgetCellView.swift */; };
		4B8AF2E42E0F0DC300E83492 /* Data.swift in Sources */ = {isa = PBXBuildFile; fileRef = 4B8AF2E32E0F0DC300E83492 /* Data.swift */; };
		4B8AF2E62E102E2700E83492 /* BudgetEmptyStateView.swift in Sources */ = {isa = PBXBuildFile; fileRef = 4B8AF2E52E102E2700E83492 /* BudgetEmptyStateView.swift */; };
		4B8AF2E82E10416300E83492 /* IoddaLogo.swift in Sources */ = {isa = PBXBuildFile; fileRef = 4B8AF2E72E10416300E83492 /* IoddaLogo.swift */; };
		4B8AF2EB2E115F6400E83492 /* BudgetExpensesListView.swift in Sources */ = {isa = PBXBuildFile; fileRef = 4B8AF2EA2E115F6400E83492 /* BudgetExpensesListView.swift */; };
		4B8AF2ED2E115F7700E83492 /* ExpenseCellView.swift in Sources */ = {isa = PBXBuildFile; fileRef = 4B8AF2EC2E115F7700E83492 /* ExpenseCellView.swift */; };
		4B8AF2EF2E11605200E83492 /* AddExpenseView.swift in Sources */ = {isa = PBXBuildFile; fileRef = 4B8AF2EE2E11605200E83492 /* AddExpenseView.swift */; };
		4B8AF2F72E117FEB00E83492 /* ExpenseEmptyStateView.swift in Sources */ = {isa = PBXBuildFile; fileRef = 4B8AF2F62E117FEB00E83492 /* ExpenseEmptyStateView.swift */; };
		4B8AF2F92E11821E00E83492 /* EmptyStateButtonView.swift in Sources */ = {isa = PBXBuildFile; fileRef = 4B8AF2F82E11821E00E83492 /* EmptyStateButtonView.swift */; };
		4B8AF2FB2E119E8C00E83492 /* ExpensesListHeaderView.swift in Sources */ = {isa = PBXBuildFile; fileRef = 4B8AF2FA2E119E8C00E83492 /* ExpensesListHeaderView.swift */; };
		4B8AF3072E143B4700E83492 /* AmountCard.swift in Sources */ = {isa = PBXBuildFile; fileRef = 4B8AF3062E143B4700E83492 /* AmountCard.swift */; };
/* End PBXBuildFile section */

/* Begin PBXFileReference section */
		4B54AD242E15801C00CDF477 /* Utilites.swift */ = {isa = PBXFileReference; lastKnownFileType = sourcecode.swift; path = Utilites.swift; sourceTree = "<group>"; };
		4B54AD262E1584BE00CDF477 /* ProgressBarView.swift */ = {isa = PBXFileReference; lastKnownFileType = sourcecode.swift; path = ProgressBarView.swift; sourceTree = "<group>"; };
		4B8AF2BA2E0EEC7F00E83492 /* Iodda.app */ = {isa = PBXFileReference; explicitFileType = wrapper.application; includeInIndex = 0; path = Iodda.app; sourceTree = BUILT_PRODUCTS_DIR; };
		4B8AF2C82E0EEC9700E83492 /* Assets.xcassets */ = {isa = PBXFileReference; lastKnownFileType = folder.assetcatalog; path = Assets.xcassets; sourceTree = "<group>"; };
		4B8AF2CA2E0EEC9700E83492 /* IoddaApp.swift */ = {isa = PBXFileReference; lastKnownFileType = sourcecode.swift; path = IoddaApp.swift; sourceTree = "<group>"; };
		4B8AF2CF2E0EED9400E83492 /* MainTabView.swift */ = {isa = PBXFileReference; lastKnownFileType = sourcecode.swift; path = MainTabView.swift; sourceTree = "<group>"; };
		4B8AF2D12E0EEFA500E83492 /* BudgetsListView.swift */ = {isa = PBXFileReference; lastKnownFileType = sourcecode.swift; path = BudgetsListView.swift; sourceTree = "<group>"; };
		4B8AF2D32E0EEFE300E83492 /* Localizable.xcstrings */ = {isa = PBXFileReference; lastKnownFileType = text.json.xcstrings; path = Localizable.xcstrings; sourceTree = "<group>"; };
		4B8AF2D52E0EF2E700E83492 /* StaticWaveBackground.swift */ = {isa = PBXFileReference; lastKnownFileType = sourcecode.swift; path = StaticWaveBackground.swift; sourceTree = "<group>"; };
		4B8AF2D72E0EF68900E83492 /* SettingsView.swift */ = {isa = PBXFileReference; lastKnownFileType = sourcecode.swift; path = SettingsView.swift; sourceTree = "<group>"; };
		4B8AF2D92E0EF6AB00E83492 /* PdfListView.swift */ = {isa = PBXFileReference; lastKnownFileType = sourcecode.swift; path = PdfListView.swift; sourceTree = "<group>"; };
		4B8AF2E12E0EF84700E83492 /* BudgetCellView.swift */ = {isa = PBXFileReference; lastKnownFileType = sourcecode.swift; path = BudgetCellView.swift; sourceTree = "<group>"; };
		4B8AF2E32E0F0DC300E83492 /* Data.swift */ = {isa = PBXFileReference; lastKnownFileType = sourcecode.swift; path = Data.swift; sourceTree = "<group>"; };
		4B8AF2E52E102E2700E83492 /* BudgetEmptyStateView.swift */ = {isa = PBXFileReference; lastKnownFileType = sourcecode.swift; path = BudgetEmptyStateView.swift; sourceTree = "<group>"; };
		4B8AF2E72E10416300E83492 /* IoddaLogo.swift */ = {isa = PBXFileReference; lastKnownFileType = sourcecode.swift; path = IoddaLogo.swift; sourceTree = "<group>"; };
		4B8AF2EA2E115F6400E83492 /* BudgetExpensesListView.swift */ = {isa = PBXFileReference; lastKnownFileType = sourcecode.swift; path = BudgetExpensesListView.swift; sourceTree = "<group>"; };
		4B8AF2EC2E115F7700E83492 /* ExpenseCellView.swift */ = {isa = PBXFileReference; lastKnownFileType = sourcecode.swift; path = ExpenseCellView.swift; sourceTree = "<group>"; };
		4B8AF2EE2E11605200E83492 /* AddExpenseView.swift */ = {isa = PBXFileReference; lastKnownFileType = sourcecode.swift; path = AddExpenseView.swift; sourceTree = "<group>"; };
		4B8AF2F62E117FEB00E83492 /* ExpenseEmptyStateView.swift */ = {isa = PBXFileReference; lastKnownFileType = sourcecode.swift; path = ExpenseEmptyStateView.swift; sourceTree = "<group>"; };
		4B8AF2F82E11821E00E83492 /* EmptyStateButtonView.swift */ = {isa = PBXFileReference; lastKnownFileType = sourcecode.swift; path = EmptyStateButtonView.swift; sourceTree = "<group>"; };
		4B8AF2FA2E119E8C00E83492 /* ExpensesListHeaderView.swift */ = {isa = PBXFileReference; lastKnownFileType = sourcecode.swift; path = ExpensesListHeaderView.swift; sourceTree = "<group>"; };
		4B8AF3062E143B4700E83492 /* AmountCard.swift */ = {isa = PBXFileReference; lastKnownFileType = sourcecode.swift; path = AmountCard.swift; sourceTree = "<group>"; };
/* End PBXFileReference section */

/* Begin PBXFrameworksBuildPhase section */
		4B8AF2B72E0EEC7F00E83492 /* Frameworks */ = {
			isa = PBXFrameworksBuildPhase;
			buildActionMask = 2147483647;
			files = (
			);
			runOnlyForDeploymentPostprocessing = 0;
		};
/* End PBXFrameworksBuildPhase section */

/* Begin PBXGroup section */
		4B54AD282E158CF300CDF477 /* ProgressBar */ = {
			isa = PBXGroup;
			children = (
				4B54AD262E1584BE00CDF477 /* ProgressBarView.swift */,
			);
			path = ProgressBar;
			sourceTree = "<group>";
		};
		4B8AF2B12E0EEC7F00E83492 = {
			isa = PBXGroup;
			children = (
				4B8AF2CB2E0EEC9700E83492 /* Iodda */,
				4B8AF2BB2E0EEC7F00E83492 /* Products */,
			);
			sourceTree = "<group>";
		};
		4B8AF2BB2E0EEC7F00E83492 /* Products */ = {
			isa = PBXGroup;
			children = (
				4B8AF2BA2E0EEC7F00E83492 /* Iodda.app */,
			);
			name = Products;
			sourceTree = "<group>";
		};
		4B8AF2CB2E0EEC9700E83492 /* Iodda */ = {
			isa = PBXGroup;
			children = (
				4B8AF2CA2E0EEC9700E83492 /* IoddaApp.swift */,
				4B8AF2CF2E0EED9400E83492 /* MainTabView.swift */,
				4B8AF2DB2E0EF7BF00E83492 /* Views */,
				4B8AF2DF2E0EF81000E83492 /* Components */,
				4B8AF2C82E0EEC9700E83492 /* Assets.xcassets */,
				4B8AF2E02E0EF82700E83492 /* Localization */,
				4B8AF2E32E0F0DC300E83492 /* Data.swift */,
				4B54AD242E15801C00CDF477 /* Utilites.swift */,
			);
			path = Iodda;
			sourceTree = "<group>";
		};
		4B8AF2DB2E0EF7BF00E83492 /* Views */ = {
			isa = PBXGroup;
			children = (
				4B8AF2DC2E0EF7DD00E83492 /* Budgets */,
				4B8AF2E92E115F4900E83492 /* Expenses */,
				4B8AF2DD2E0EF7EB00E83492 /* PDF */,
				4B8AF2DE2E0EF7F600E83492 /* Settings */,
			);
			path = Views;
			sourceTree = "<group>";
		};
		4B8AF2DC2E0EF7DD00E83492 /* Budgets */ = {
			isa = PBXGroup;
			children = (
				4B8AF2D12E0EEFA500E83492 /* BudgetsListView.swift */,
				4B8AF2E12E0EF84700E83492 /* BudgetCellView.swift */,
				4B8AF2E52E102E2700E83492 /* BudgetEmptyStateView.swift */,
			);
			path = Budgets;
			sourceTree = "<group>";
		};
		4B8AF2DD2E0EF7EB00E83492 /* PDF */ = {
			isa = PBXGroup;
			children = (
				4B8AF2D92E0EF6AB00E83492 /* PdfListView.swift */,
			);
			path = PDF;
			sourceTree = "<group>";
		};
		4B8AF2DE2E0EF7F600E83492 /* Settings */ = {
			isa = PBXGroup;
			children = (
				4B8AF2D72E0EF68900E83492 /* SettingsView.swift */,
			);
			path = Settings;
			sourceTree = "<group>";
		};
		4B8AF2DF2E0EF81000E83492 /* Components */ = {
			isa = PBXGroup;
			children = (
				4B8AF2D52E0EF2E700E83492 /* StaticWaveBackground.swift */,
				4B8AF2E72E10416300E83492 /* IoddaLogo.swift */,
				4B8AF2F82E11821E00E83492 /* EmptyStateButtonView.swift */,
				4B8AF3062E143B4700E83492 /* AmountCard.swift */,
				4B54AD282E158CF300CDF477 /* ProgressBar */,
			);
			path = Components;
			sourceTree = "<group>";
		};
		4B8AF2E02E0EF82700E83492 /* Localization */ = {
			isa = PBXGroup;
			children = (
				4B8AF2D32E0EEFE300E83492 /* Localizable.xcstrings */,
			);
			path = Localization;
			sourceTree = "<group>";
		};
		4B8AF2E92E115F4900E83492 /* Expenses */ = {
			isa = PBXGroup;
			children = (
				4B8AF2EA2E115F6400E83492 /* BudgetExpensesListView.swift */,
				4B8AF2EC2E115F7700E83492 /* ExpenseCellView.swift */,
				4B8AF2EE2E11605200E83492 /* AddExpenseView.swift */,
				4B8AF2F62E117FEB00E83492 /* ExpenseEmptyStateView.swift */,
				4B8AF2FA2E119E8C00E83492 /* ExpensesListHeaderView.swift */,
			);
			path = Expenses;
			sourceTree = "<group>";
		};
/* End PBXGroup section */

/* Begin PBXNativeTarget section */
		4B8AF2B92E0EEC7F00E83492 /* Iodda */ = {
			isa = PBXNativeTarget;
			buildConfigurationList = 4B8AF2C52E0EEC8100E83492 /* Build configuration list for PBXNativeTarget "Iodda" */;
			buildPhases = (
				4B8AF2B62E0EEC7F00E83492 /* Sources */,
				4B8AF2B72E0EEC7F00E83492 /* Frameworks */,
				4B8AF2B82E0EEC7F00E83492 /* Resources */,
			);
			buildRules = (
			);
			dependencies = (
			);
			name = Iodda;
			packageProductDependencies = (
			);
			productName = Iodda;
			productReference = 4B8AF2BA2E0EEC7F00E83492 /* Iodda.app */;
			productType = "com.apple.product-type.application";
		};
/* End PBXNativeTarget section */

/* Begin PBXProject section */
		4B8AF2B22E0EEC7F00E83492 /* Project object */ = {
			isa = PBXProject;
			attributes = {
				BuildIndependentTargetsInParallel = 1;
				LastSwiftUpdateCheck = 1640;
				LastUpgradeCheck = 1640;
				TargetAttributes = {
					4B8AF2B92E0EEC7F00E83492 = {
						CreatedOnToolsVersion = 16.4;
					};
				};
			};
			buildConfigurationList = 4B8AF2B52E0EEC7F00E83492 /* Build configuration list for PBXProject "Iodda" */;
			developmentRegion = en;
			hasScannedForEncodings = 0;
			knownRegions = (
				en,
				Base,
				ru,
			);
			mainGroup = 4B8AF2B12E0EEC7F00E83492;
			minimizedProjectReferenceProxies = 1;
			preferredProjectObjectVersion = 77;
			productRefGroup = 4B8AF2BB2E0EEC7F00E83492 /* Products */;
			projectDirPath = "";
			projectRoot = "";
			targets = (
				4B8AF2B92E0EEC7F00E83492 /* Iodda */,
			);
		};
/* End PBXProject section */

/* Begin PBXResourcesBuildPhase section */
		4B8AF2B82E0EEC7F00E83492 /* Resources */ = {
			isa = PBXResourcesBuildPhase;
			buildActionMask = 2147483647;
			files = (
				4B8AF2D42E0EEFE300E83492 /* Localizable.xcstrings in Resources */,
				4B8AF2CE2E0EEC9700E83492 /* Assets.xcassets in Resources */,
			);
			runOnlyForDeploymentPostprocessing = 0;
		};
/* End PBXResourcesBuildPhase section */

/* Begin PBXSourcesBuildPhase section */
		4B8AF2B62E0EEC7F00E83492 /* Sources */ = {
			isa = PBXSourcesBuildPhase;
			buildActionMask = 2147483647;
			files = (
				4B8AF2EF2E11605200E83492 /* AddExpenseView.swift in Sources */,
				4B8AF2D82E0EF68900E83492 /* SettingsView.swift in Sources */,
				4B8AF2FB2E119E8C00E83492 /* ExpensesListHeaderView.swift in Sources */,
				4B8AF2D22E0EEFA500E83492 /* BudgetsListView.swift in Sources */,
				4B8AF2D62E0EF2E700E83492 /* StaticWaveBackground.swift in Sources */,
				4B8AF2ED2E115F7700E83492 /* ExpenseCellView.swift in Sources */,
				4B54AD272E1584BE00CDF477 /* ProgressBarView.swift in Sources */,
				4B8AF2E22E0EF84700E83492 /* BudgetCellView.swift in Sources */,
				4B8AF2E82E10416300E83492 /* IoddaLogo.swift in Sources */,
				4B8AF2E62E102E2700E83492 /* BudgetEmptyStateView.swift in Sources */,
				4B8AF2EB2E115F6400E83492 /* BudgetExpensesListView.swift in Sources */,
				4B8AF2CD2E0EEC9700E83492 /* IoddaApp.swift in Sources */,
				4B54AD252E15801C00CDF477 /* Utilites.swift in Sources */,
				4B8AF2D02E0EED9400E83492 /* MainTabView.swift in Sources */,
				4B8AF2DA2E0EF6AB00E83492 /* PdfListView.swift in Sources */,
				4B8AF2F92E11821E00E83492 /* EmptyStateButtonView.swift in Sources */,
				4B8AF2E42E0F0DC300E83492 /* Data.swift in Sources */,
				4B8AF2F72E117FEB00E83492 /* ExpenseEmptyStateView.swift in Sources */,
				4B8AF3072E143B4700E83492 /* AmountCard.swift in Sources */,
			);
			runOnlyForDeploymentPostprocessing = 0;
		};
/* End PBXSourcesBuildPhase section */

/* Begin XCBuildConfiguration section */
		4B8AF2C32E0EEC8100E83492 /* Debug */ = {
			isa = XCBuildConfiguration;
			buildSettings = {
				ALWAYS_SEARCH_USER_PATHS = NO;
				ASSETCATALOG_COMPILER_GENERATE_SWIFT_ASSET_SYMBOL_EXTENSIONS = YES;
				CLANG_ANALYZER_NONNULL = YES;
				CLANG_ANALYZER_NUMBER_OBJECT_CONVERSION = YES_AGGRESSIVE;
				CLANG_CXX_LANGUAGE_STANDARD = "gnu++20";
				CLANG_ENABLE_MODULES = YES;
				CLANG_ENABLE_OBJC_ARC = YES;
				CLANG_ENABLE_OBJC_WEAK = YES;
				CLANG_WARN_BLOCK_CAPTURE_AUTORELEASING = YES;
				CLANG_WARN_BOOL_CONVERSION = YES;
				CLANG_WARN_COMMA = YES;
				CLANG_WARN_CONSTANT_CONVERSION = YES;
				CLANG_WARN_DEPRECATED_OBJC_IMPLEMENTATIONS = YES;
				CLANG_WARN_DIRECT_OBJC_ISA_USAGE = YES_ERROR;
				CLANG_WARN_DOCUMENTATION_COMMENTS = YES;
				CLANG_WARN_EMPTY_BODY = YES;
				CLANG_WARN_ENUM_CONVERSION = YES;
				CLANG_WARN_INFINITE_RECURSION = YES;
				CLANG_WARN_INT_CONVERSION = YES;
				CLANG_WARN_NON_LITERAL_NULL_CONVERSION = YES;
				CLANG_WARN_OBJC_IMPLICIT_RETAIN_SELF = YES;
				CLANG_WARN_OBJC_LITERAL_CONVERSION = YES;
				CLANG_WARN_OBJC_ROOT_CLASS = YES_ERROR;
				CLANG_WARN_QUOTED_INCLUDE_IN_FRAMEWORK_HEADER = YES;
				CLANG_WARN_RANGE_LOOP_ANALYSIS = YES;
				CLANG_WARN_STRICT_PROTOTYPES = YES;
				CLANG_WARN_SUSPICIOUS_MOVE = YES;
				CLANG_WARN_UNGUARDED_AVAILABILITY = YES_AGGRESSIVE;
				CLANG_WARN_UNREACHABLE_CODE = YES;
				CLANG_WARN__DUPLICATE_METHOD_MATCH = YES;
				COPY_PHASE_STRIP = NO;
				DEBUG_INFORMATION_FORMAT = dwarf;
				DEVELOPMENT_TEAM = QT3T249ZHN;
				ENABLE_STRICT_OBJC_MSGSEND = YES;
				ENABLE_TESTABILITY = YES;
				ENABLE_USER_SCRIPT_SANDBOXING = YES;
				GCC_C_LANGUAGE_STANDARD = gnu17;
				GCC_DYNAMIC_NO_PIC = NO;
				GCC_NO_COMMON_BLOCKS = YES;
				GCC_OPTIMIZATION_LEVEL = 0;
				GCC_PREPROCESSOR_DEFINITIONS = (
					"DEBUG=1",
					"$(inherited)",
				);
				GCC_WARN_64_TO_32_BIT_CONVERSION = YES;
				GCC_WARN_ABOUT_RETURN_TYPE = YES_ERROR;
				GCC_WARN_UNDECLARED_SELECTOR = YES;
				GCC_WARN_UNINITIALIZED_AUTOS = YES_AGGRESSIVE;
				GCC_WARN_UNUSED_FUNCTION = YES;
				GCC_WARN_UNUSED_VARIABLE = YES;
				IPHONEOS_DEPLOYMENT_TARGET = 18.5;
				LOCALIZATION_PREFERS_STRING_CATALOGS = YES;
				MTL_ENABLE_DEBUG_INFO = INCLUDE_SOURCE;
				MTL_FAST_MATH = YES;
				ONLY_ACTIVE_ARCH = YES;
				SDKROOT = iphoneos;
				SWIFT_ACTIVE_COMPILATION_CONDITIONS = "DEBUG $(inherited)";
				SWIFT_EMIT_LOC_STRINGS = YES;
				SWIFT_OPTIMIZATION_LEVEL = "-Onone";
			};
			name = Debug;
		};
		4B8AF2C42E0EEC8100E83492 /* Release */ = {
			isa = XCBuildConfiguration;
			buildSettings = {
				ALWAYS_SEARCH_USER_PATHS = NO;
				ASSETCATALOG_COMPILER_GENERATE_SWIFT_ASSET_SYMBOL_EXTENSIONS = YES;
				CLANG_ANALYZER_NONNULL = YES;
				CLANG_ANALYZER_NUMBER_OBJECT_CONVERSION = YES_AGGRESSIVE;
				CLANG_CXX_LANGUAGE_STANDARD = "gnu++20";
				CLANG_ENABLE_MODULES = YES;
				CLANG_ENABLE_OBJC_ARC = YES;
				CLANG_ENABLE_OBJC_WEAK = YES;
				CLANG_WARN_BLOCK_CAPTURE_AUTORELEASING = YES;
				CLANG_WARN_BOOL_CONVERSION = YES;
				CLANG_WARN_COMMA = YES;
				CLANG_WARN_CONSTANT_CONVERSION = YES;
				CLANG_WARN_DEPRECATED_OBJC_IMPLEMENTATIONS = YES;
				CLANG_WARN_DIRECT_OBJC_ISA_USAGE = YES_ERROR;
				CLANG_WARN_DOCUMENTATION_COMMENTS = YES;
				CLANG_WARN_EMPTY_BODY = YES;
				CLANG_WARN_ENUM_CONVERSION = YES;
				CLANG_WARN_INFINITE_RECURSION = YES;
				CLANG_WARN_INT_CONVERSION = YES;
				CLANG_WARN_NON_LITERAL_NULL_CONVERSION = YES;
				CLANG_WARN_OBJC_IMPLICIT_RETAIN_SELF = YES;
				CLANG_WARN_OBJC_LITERAL_CONVERSION = YES;
				CLANG_WARN_OBJC_ROOT_CLASS = YES_ERROR;
				CLANG_WARN_QUOTED_INCLUDE_IN_FRAMEWORK_HEADER = YES;
				CLANG_WARN_RANGE_LOOP_ANALYSIS = YES;
				CLANG_WARN_STRICT_PROTOTYPES = YES;
				CLANG_WARN_SUSPICIOUS_MOVE = YES;
				CLANG_WARN_UNGUARDED_AVAILABILITY = YES_AGGRESSIVE;
				CLANG_WARN_UNREACHABLE_CODE = YES;
				CLANG_WARN__DUPLICATE_METHOD_MATCH = YES;
				COPY_PHASE_STRIP = NO;
				DEBUG_INFORMATION_FORMAT = "dwarf-with-dsym";
				DEVELOPMENT_TEAM = QT3T249ZHN;
				ENABLE_NS_ASSERTIONS = NO;
				ENABLE_STRICT_OBJC_MSGSEND = YES;
				ENABLE_USER_SCRIPT_SANDBOXING = YES;
				GCC_C_LANGUAGE_STANDARD = gnu17;
				GCC_NO_COMMON_BLOCKS = YES;
				GCC_WARN_64_TO_32_BIT_CONVERSION = YES;
				GCC_WARN_ABOUT_RETURN_TYPE = YES_ERROR;
				GCC_WARN_UNDECLARED_SELECTOR = YES;
				GCC_WARN_UNINITIALIZED_AUTOS = YES_AGGRESSIVE;
				GCC_WARN_UNUSED_FUNCTION = YES;
				GCC_WARN_UNUSED_VARIABLE = YES;
				IPHONEOS_DEPLOYMENT_TARGET = 18.5;
				LOCALIZATION_PREFERS_STRING_CATALOGS = YES;
				MTL_ENABLE_DEBUG_INFO = NO;
				MTL_FAST_MATH = YES;
				SDKROOT = iphoneos;
				SWIFT_COMPILATION_MODE = wholemodule;
				SWIFT_EMIT_LOC_STRINGS = YES;
				VALIDATE_PRODUCT = YES;
			};
			name = Release;
		};
		4B8AF2C62E0EEC8100E83492 /* Debug */ = {
			isa = XCBuildConfiguration;
			buildSettings = {
				ASSETCATALOG_COMPILER_APPICON_NAME = AppIcon;
				ASSETCATALOG_COMPILER_GLOBAL_ACCENT_COLOR_NAME = AccentColor;
				CODE_SIGN_STYLE = Automatic;
				CURRENT_PROJECT_VERSION = 1;
				DEVELOPMENT_TEAM = QT3T249ZHN;
				ENABLE_PREVIEWS = YES;
				GENERATE_INFOPLIST_FILE = YES;
				INFOPLIST_KEY_UIApplicationSceneManifest_Generation = YES;
				INFOPLIST_KEY_UIApplicationSupportsIndirectInputEvents = YES;
				INFOPLIST_KEY_UILaunchScreen_Generation = YES;
				INFOPLIST_KEY_UISupportedInterfaceOrientations_iPad = "UIInterfaceOrientationPortrait UIInterfaceOrientationPortraitUpsideDown UIInterfaceOrientationLandscapeLeft UIInterfaceOrientationLandscapeRight";
				INFOPLIST_KEY_UISupportedInterfaceOrientations_iPhone = "UIInterfaceOrientationPortrait UIInterfaceOrientationLandscapeLeft UIInterfaceOrientationLandscapeRight";
				LD_RUNPATH_SEARCH_PATHS = (
					"$(inherited)",
					"@executable_path/Frameworks",
				);
				MARKETING_VERSION = 1.0;
				PRODUCT_BUNDLE_IDENTIFIER = volossoftwarellc.Iodda;
				PRODUCT_NAME = "$(TARGET_NAME)";
				SWIFT_EMIT_LOC_STRINGS = YES;
				SWIFT_VERSION = 5.0;
				TARGETED_DEVICE_FAMILY = "1,2";
			};
			name = Debug;
		};
		4B8AF2C72E0EEC8100E83492 /* Release */ = {
			isa = XCBuildConfiguration;
			buildSettings = {
				ASSETCATALOG_COMPILER_APPICON_NAME = AppIcon;
				ASSETCATALOG_COMPILER_GLOBAL_ACCENT_COLOR_NAME = AccentColor;
				CODE_SIGN_STYLE = Automatic;
				CURRENT_PROJECT_VERSION = 1;
				DEVELOPMENT_TEAM = QT3T249ZHN;
				ENABLE_PREVIEWS = YES;
				GENERATE_INFOPLIST_FILE = YES;
				INFOPLIST_KEY_UIApplicationSceneManifest_Generation = YES;
				INFOPLIST_KEY_UIApplicationSupportsIndirectInputEvents = YES;
				INFOPLIST_KEY_UILaunchScreen_Generation = YES;
				INFOPLIST_KEY_UISupportedInterfaceOrientations_iPad = "UIInterfaceOrientationPortrait UIInterfaceOrientationPortraitUpsideDown UIInterfaceOrientationLandscapeLeft UIInterfaceOrientationLandscapeRight";
				INFOPLIST_KEY_UISupportedInterfaceOrientations_iPhone = "UIInterfaceOrientationPortrait UIInterfaceOrientationLandscapeLeft UIInterfaceOrientationLandscapeRight";
				LD_RUNPATH_SEARCH_PATHS = (
					"$(inherited)",
					"@executable_path/Frameworks",
				);
				MARKETING_VERSION = 1.0;
				PRODUCT_BUNDLE_IDENTIFIER = volossoftwarellc.Iodda;
				PRODUCT_NAME = "$(TARGET_NAME)";
				SWIFT_EMIT_LOC_STRINGS = YES;
				SWIFT_VERSION = 5.0;
				TARGETED_DEVICE_FAMILY = "1,2";
			};
			name = Release;
		};
/* End XCBuildConfiguration section */

/* Begin XCConfigurationList section */
		4B8AF2B52E0EEC7F00E83492 /* Build configuration list for PBXProject "Iodda" */ = {
			isa = XCConfigurationList;
			buildConfigurations = (
				4B8AF2C32E0EEC8100E83492 /* Debug */,
				4B8AF2C42E0EEC8100E83492 /* Release */,
			);
			defaultConfigurationIsVisible = 0;
			defaultConfigurationName = Release;
		};
		4B8AF2C52E0EEC8100E83492 /* Build configuration list for PBXNativeTarget "Iodda" */ = {
			isa = XCConfigurationList;
			buildConfigurations = (
				4B8AF2C62E0EEC8100E83492 /* Debug */,
				4B8AF2C72E0EEC8100E83492 /* Release */,
			);
			defaultConfigurationIsVisible = 0;
			defaultConfigurationName = Release;
		};
/* End XCConfigurationList section */
	};
	rootObject = 4B8AF2B22E0EEC7F00E83492 /* Project object */;
}
